
Microsoft Visual Studio Solution File, Format Version 12.00
# Visual Studio Version 17
VisualStudioVersion = 17.7.34024.191
MinimumVisualStudioVersion = 10.0.40219.1
Project("{FAE04EC0-301F-11D3-BF4B-00C04F79EFBC}") = "Shoebdot", "Shoebdot\Shoebdot.csproj", "{932569EC-70DD-4AB1-8A27-7EDED73D4988}"
EndProject
Global
	GlobalSection(SolutionConfigurationPlatforms) = preSolution
		Debug|Any CPU = Debug|Any CPU
		Release|Any CPU = Release|Any CPU
	EndGlobalSection
	GlobalSection(ProjectConfigurationPlatforms) = postSolution
		{932569EC-70DD-4AB1-8A27-7EDED73D4988}.Debug|Any CPU.ActiveCfg = Debug|Any CPU
		{932569EC-70DD-4AB1-8A27-7EDED73D4988}.Debug|Any CPU.Build.0 = Debug|Any CPU
		{932569EC-70DD-4AB1-8A27-7EDED73D4988}.Release|Any CPU.ActiveCfg = Release|Any CPU
		{932569EC-70DD-4AB1-8A27-7EDED73D4988}.Release|Any CPU.Build.0 = Release|Any CPU
	EndGlobalSection
	GlobalSection(SolutionProperties) = preSolution
		HideSolutionNode = FALSE
	EndGlobalSection
	GlobalSection(ExtensibilityGlobals) = postSolution
		SolutionGuid = {0265706B-4852-45F9-A125-D58138676B54}
	EndGlobalSection
EndGlobal
